
Microsoft Visual Studio Solution File, Format Version 12.00
# Visual Studio 15
VisualStudioVersion = 15.0.26124.0
MinimumVisualStudioVersion = 15.0.26124.0
Project("{2150E333-8FDC-42A3-9474-1A3956D46DE8}") = "src", "src", "{67117609-33F2-419F-97FF-4C3E6B36FA8B}"
EndProject
Project("{FAE04EC0-301F-11D3-BF4B-00C04F79EFBC}") = "Workshop", "src\Workshop\Workshop.csproj", "{EB06C575-DC13-4158-8559-1948B6C16BEA}"
EndProject
Global
	GlobalSection(SolutionConfigurationPlatforms) = preSolution
		Debug|Any CPU = Debug|Any CPU
		Debug|x64 = Debug|x64
		Debug|x86 = Debug|x86
		Release|Any CPU = Release|Any CPU
		Release|x64 = Release|x64
		Release|x86 = Release|x86
	EndGlobalSection
	GlobalSection(SolutionProperties) = preSolution
		HideSolutionNode = FALSE
	EndGlobalSection
	GlobalSection(ProjectConfigurationPlatforms) = postSolution
		{EB06C575-DC13-4158-8559-1948B6C16BEA}.Debug|Any CPU.ActiveCfg = Debug|Any CPU
		{EB06C575-DC13-4158-8559-1948B6C16BEA}.Debug|Any CPU.Build.0 = Debug|Any CPU
		{EB06C575-DC13-4158-8559-1948B6C16BEA}.Debug|x64.ActiveCfg = Debug|Any CPU
		{EB06C575-DC13-4158-8559-1948B6C16BEA}.Debug|x64.Build.0 = Debug|Any CPU
		{EB06C575-DC13-4158-8559-1948B6C16BEA}.Debug|x86.ActiveCfg = Debug|Any CPU
		{EB06C575-DC13-4158-8559-1948B6C16BEA}.Debug|x86.Build.0 = Debug|Any CPU
		{EB06C575-DC13-4158-8559-1948B6C16BEA}.Release|Any CPU.ActiveCfg = Release|Any CPU
		{EB06C575-DC13-4158-8559-1948B6C16BEA}.Release|Any CPU.Build.0 = Release|Any CPU
		{EB06C575-DC13-4158-8559-1948B6C16BEA}.Release|x64.ActiveCfg = Release|Any CPU
		{EB06C575-DC13-4158-8559-1948B6C16BEA}.Release|x64.Build.0 = Release|Any CPU
		{EB06C575-DC13-4158-8559-1948B6C16BEA}.Release|x86.ActiveCfg = Release|Any CPU
		{EB06C575-DC13-4158-8559-1948B6C16BEA}.Release|x86.Build.0 = Release|Any CPU
	EndGlobalSection
	GlobalSection(NestedProjects) = preSolution
		{EB06C575-DC13-4158-8559-1948B6C16BEA} = {67117609-33F2-419F-97FF-4C3E6B36FA8B}
	EndGlobalSection
EndGlobal
